// !$*UTF8*$!
{
	archiveVersion = 1;
	classes = {
	};
	objectVersion = 46;
	objects = {

/* Begin PBXBuildFile section */
		3BA2F1541AE68D6D00B9EEC9 /* main.m in Sources */ = {isa = PBXBuildFile; fileRef = 3BA2F1531AE68D6D00B9EEC9 /* main.m */; };
		3BA2F1571AE68D6D00B9EEC9 /* AppDelegate.m in Sources */ = {isa = PBXBuildFile; fileRef = 3BA2F1561AE68D6D00B9EEC9 /* AppDelegate.m */; };
		3BA2F15A1AE68D6D00B9EEC9 /* ViewController.m in Sources */ = {isa = PBXBuildFile; fileRef = 3BA2F1591AE68D6D00B9EEC9 /* ViewController.m */; };
		3BA2F15D1AE68D6D00B9EEC9 /* Main.storyboard in Resources */ = {isa = PBXBuildFile; fileRef = 3BA2F15B1AE68D6D00B9EEC9 /* Main.storyboard */; };
		3BA2F15F1AE68D6D00B9EEC9 /* Images.xcassets in Resources */ = {isa = PBXBuildFile; fileRef = 3BA2F15E1AE68D6D00B9EEC9 /* Images.xcassets */; };
		3BA2F1621AE68D6D00B9EEC9 /* LaunchScreen.xib in Resources */ = {isa = PBXBuildFile; fileRef = 3BA2F1601AE68D6D00B9EEC9 /* LaunchScreen.xib */; };
		3BA2F16E1AE68D6D00B9EEC9 /* RGB_Led_ControlTests.m in Sources */ = {isa = PBXBuildFile; fileRef = 3BA2F16D1AE68D6D00B9EEC9 /* RGB_Led_ControlTests.m */; };
/* End PBXBuildFile section */

/* Begin PBXContainerItemProxy section */
		3BA2F1681AE68D6D00B9EEC9 /* PBXContainerItemProxy */ = {
			isa = PBXContainerItemProxy;
			containerPortal = 3BA2F1461AE68D6C00B9EEC9 /* Project object */;
			proxyType = 1;
			remoteGlobalIDString = 3BA2F14D1AE68D6C00B9EEC9;
			remoteInfo = "RGB Led Control";
		};
/* End PBXContainerItemProxy section */

/* Begin PBXFileReference section */
		3BA2F14E1AE68D6D00B9EEC9 /* RGB Led Control.app */ = {isa = PBXFileReference; explicitFileType = wrapper.application; includeInIndex = 0; path = "RGB Led Control.app"; sourceTree = BUILT_PRODUCTS_DIR; };
		3BA2F1521AE68D6D00B9EEC9 /* Info.plist */ = {isa = PBXFileReference; lastKnownFileType = text.plist.xml; path = Info.plist; sourceTree = "<group>"; };
		3BA2F1531AE68D6D00B9EEC9 /* main.m */ = {isa = PBXFileReference; lastKnownFileType = sourcecode.c.objc; path = main.m; sourceTree = "<group>"; };
		3BA2F1551AE68D6D00B9EEC9 /* AppDelegate.h */ = {isa = PBXFileReference; lastKnownFileType = sourcecode.c.h; path = AppDelegate.h; sourceTree = "<group>"; };
		3BA2F1561AE68D6D00B9EEC9 /* AppDelegate.m */ = {isa = PBXFileReference; lastKnownFileType = sourcecode.c.objc; path = AppDelegate.m; sourceTree = "<group>"; };
		3BA2F1581AE68D6D00B9EEC9 /* ViewController.h */ = {isa = PBXFileReference; lastKnownFileType = sourcecode.c.h; path = ViewController.h; sourceTree = "<group>"; };
		3BA2F1591AE68D6D00B9EEC9 /* ViewController.m */ = {isa = PBXFileReference; lastKnownFileType = sourcecode.c.objc; path = ViewController.m; sourceTree = "<group>"; };
		3BA2F15C1AE68D6D00B9EEC9 /* Base */ = {isa = PBXFileReference; lastKnownFileType = file.storyboard; name = Base; path = Base.lproj/Main.storyboard; sourceTree = "<group>"; };
		3BA2F15E1AE68D6D00B9EEC9 /* Images.xcassets */ = {isa = PBXFileReference; lastKnownFileType = folder.assetcatalog; path = Images.xcassets; sourceTree = "<group>"; };
		3BA2F1611AE68D6D00B9EEC9 /* Base */ = {isa = PBXFileReference; lastKnownFileType = file.xib; name = Base; path = Base.lproj/LaunchScreen.xib; sourceTree = "<group>"; };
		3BA2F1671AE68D6D00B9EEC9 /* RGB Led ControlTests.xctest */ = {isa = PBXFileReference; explicitFileType = wrapper.cfbundle; includeInIndex = 0; path = "RGB Led ControlTests.xctest"; sourceTree = BUILT_PRODUCTS_DIR; };
		3BA2F16C1AE68D6D00B9EEC9 /* Info.plist */ = {isa = PBXFileReference; lastKnownFileType = text.plist.xml; path = Info.plist; sourceTree = "<group>"; };
		3BA2F16D1AE68D6D00B9EEC9 /* RGB_Led_ControlTests.m */ = {isa = PBXFileReference; lastKnownFileType = sourcecode.c.objc; path = RGB_Led_ControlTests.m; sourceTree = "<group>"; };
/* End PBXFileReference section */

/* Begin PBXFrameworksBuildPhase section */
		3BA2F14B1AE68D6C00B9EEC9 /* Frameworks */ = {
			isa = PBXFrameworksBuildPhase;
			buildActionMask = 2147483647;
			files = (
			);
			runOnlyForDeploymentPostprocessing = 0;
		};
		3BA2F1641AE68D6D00B9EEC9 /* Frameworks */ = {
			isa = PBXFrameworksBuildPhase;
			buildActionMask = 2147483647;
			files = (
			);
			runOnlyForDeploymentPostprocessing = 0;
		};
/* End PBXFrameworksBuildPhase section */

/* Begin PBXGroup section */
		3BA2F1451AE68D6C00B9EEC9 = {
			isa = PBXGroup;
			children = (
				3BA2F1501AE68D6D00B9EEC9 /* RGB Led Control */,
				3BA2F16A1AE68D6D00B9EEC9 /* RGB Led ControlTests */,
				3BA2F14F1AE68D6D00B9EEC9 /* Products */,
			);
			sourceTree = "<group>";
		};
		3BA2F14F1AE68D6D00B9EEC9 /* Products */ = {
			isa = PBXGroup;
			children = (
				3BA2F14E1AE68D6D00B9EEC9 /* RGB Led Control.app */,
				3BA2F1671AE68D6D00B9EEC9 /* RGB Led ControlTests.xctest */,
			);
			name = Products;
			sourceTree = "<group>";
		};
		3BA2F1501AE68D6D00B9EEC9 /* RGB Led Control */ = {
			isa = PBXGroup;
			children = (
				3BA2F1551AE68D6D00B9EEC9 /* AppDelegate.h */,
				3BA2F1561AE68D6D00B9EEC9 /* AppDelegate.m */,
				3BA2F1581AE68D6D00B9EEC9 /* ViewController.h */,
				3BA2F1591AE68D6D00B9EEC9 /* ViewController.m */,
				3BA2F15B1AE68D6D00B9EEC9 /* Main.storyboard */,
				3BA2F15E1AE68D6D00B9EEC9 /* Images.xcassets */,
				3BA2F1601AE68D6D00B9EEC9 /* LaunchScreen.xib */,
				3BA2F1511AE68D6D00B9EEC9 /* Supporting Files */,
			);
			path = "RGB Led Control";
			sourceTree = "<group>";
		};
		3BA2F1511AE68D6D00B9EEC9 /* Supporting Files */ = {
			isa = PBXGroup;
			children = (
				3BA2F1521AE68D6D00B9EEC9 /* Info.plist */,
				3BA2F1531AE68D6D00B9EEC9 /* main.m */,
			);
			name = "Supporting Files";
			sourceTree = "<group>";
		};
		3BA2F16A1AE68D6D00B9EEC9 /* RGB Led ControlTests */ = {
			isa = PBXGroup;
			children = (
				3BA2F16D1AE68D6D00B9EEC9 /* RGB_Led_ControlTests.m */,
				3BA2F16B1AE68D6D00B9EEC9 /* Supporting Files */,
			);
			path = "RGB Led ControlTests";
			sourceTree = "<group>";
		};
		3BA2F16B1AE68D6D00B9EEC9 /* Supporting Files */ = {
			isa = PBXGroup;
			children = (
				3BA2F16C1AE68D6D00B9EEC9 /* Info.plist */,
			);
			name = "Supporting Files";
			sourceTree = "<group>";
		};
/* End PBXGroup section */

/* Begin PBXNativeTarget section */
		3BA2F14D1AE68D6C00B9EEC9 /* RGB Led Control */ = {
			isa = PBXNativeTarget;
			buildConfigurationList = 3BA2F1711AE68D6D00B9EEC9 /* Build configuration list for PBXNativeTarget "RGB Led Control" */;
			buildPhases = (
				3BA2F14A1AE68D6C00B9EEC9 /* Sources */,
				3BA2F14B1AE68D6C00B9EEC9 /* Frameworks */,
				3BA2F14C1AE68D6C00B9EEC9 /* Resources */,
			);
			buildRules = (
			);
			dependencies = (
			);
			name = "RGB Led Control";
			productName = "RGB Led Control";
			productReference = 3BA2F14E1AE68D6D00B9EEC9 /* RGB Led Control.app */;
			productType = "com.apple.product-type.application";
		};
		3BA2F1661AE68D6D00B9EEC9 /* RGB Led ControlTests */ = {
			isa = PBXNativeTarget;
			buildConfigurationList = 3BA2F1741AE68D6D00B9EEC9 /* Build configuration list for PBXNativeTarget "RGB Led ControlTests" */;
			buildPhases = (
				3BA2F1631AE68D6D00B9EEC9 /* Sources */,
				3BA2F1641AE68D6D00B9EEC9 /* Frameworks */,
				3BA2F1651AE68D6D00B9EEC9 /* Resources */,
			);
			buildRules = (
			);
			dependencies = (
				3BA2F1691AE68D6D00B9EEC9 /* PBXTargetDependency */,
			);
			name = "RGB Led ControlTests";
			productName = "RGB Led ControlTests";
			productReference = 3BA2F1671AE68D6D00B9EEC9 /* RGB Led ControlTests.xctest */;
			productType = "com.apple.product-type.bundle.unit-test";
		};
/* End PBXNativeTarget section */

/* Begin PBXProject section */
		3BA2F1461AE68D6C00B9EEC9 /* Project object */ = {
			isa = PBXProject;
			attributes = {
				LastUpgradeCheck = 0630;
				ORGANIZATIONNAME = "Javier Lanatta";
				TargetAttributes = {
					3BA2F14D1AE68D6C00B9EEC9 = {
						CreatedOnToolsVersion = 6.3;
					};
					3BA2F1661AE68D6D00B9EEC9 = {
						CreatedOnToolsVersion = 6.3;
						TestTargetID = 3BA2F14D1AE68D6C00B9EEC9;
					};
				};
			};
			buildConfigurationList = 3BA2F1491AE68D6C00B9EEC9 /* Build configuration list for PBXProject "RGB Led Control" */;
			compatibilityVersion = "Xcode 3.2";
			developmentRegion = English;
			hasScannedForEncodings = 0;
			knownRegions = (
				en,
				Base,
			);
			mainGroup = 3BA2F1451AE68D6C00B9EEC9;
			productRefGroup = 3BA2F14F1AE68D6D00B9EEC9 /* Products */;
			projectDirPath = "";
			projectRoot = "";
			targets = (
				3BA2F14D1AE68D6C00B9EEC9 /* RGB Led Control */,
				3BA2F1661AE68D6D00B9EEC9 /* RGB Led ControlTests */,
			);
		};
/* End PBXProject section */

/* Begin PBXResourcesBuildPhase section */
		3BA2F14C1AE68D6C00B9EEC9 /* Resources */ = {
			isa = PBXResourcesBuildPhase;
			buildActionMask = 2147483647;
			files = (
				3BA2F15D1AE68D6D00B9EEC9 /* Main.storyboard in Resources */,
				3BA2F1621AE68D6D00B9EEC9 /* LaunchScreen.xib in Resources */,
				3BA2F15F1AE68D6D00B9EEC9 /* Images.xcassets in Resources */,
			);
			runOnlyForDeploymentPostprocessing = 0;
		};
		3BA2F1651AE68D6D00B9EEC9 /* Resources */ = {
			isa = PBXResourcesBuildPhase;
			buildActionMask = 2147483647;
			files = (
			);
			runOnlyForDeploymentPostprocessing = 0;
		};
/* End PBXResourcesBuildPhase section */

/* Begin PBXSourcesBuildPhase section */
		3BA2F14A1AE68D6C00B9EEC9 /* Sources */ = {
			isa = PBXSourcesBuildPhase;
			buildActionMask = 2147483647;
			files = (
				3BA2F15A1AE68D6D00B9EEC9 /* ViewController.m in Sources */,
				3BA2F1571AE68D6D00B9EEC9 /* AppDelegate.m in Sources */,
				3BA2F1541AE68D6D00B9EEC9 /* main.m in Sources */,
			);
			runOnlyForDeploymentPostprocessing = 0;
		};
		3BA2F1631AE68D6D00B9EEC9 /* Sources */ = {
			isa = PBXSourcesBuildPhase;
			buildActionMask = 2147483647;
			files = (
				3BA2F16E1AE68D6D00B9EEC9 /* RGB_Led_ControlTests.m in Sources */,
			);
			runOnlyForDeploymentPostprocessing = 0;
		};
/* End PBXSourcesBuildPhase section */

/* Begin PBXTargetDependency section */
		3BA2F1691AE68D6D00B9EEC9 /* PBXTargetDependency */ = {
			isa = PBXTargetDependency;
			target = 3BA2F14D1AE68D6C00B9EEC9 /* RGB Led Control */;
			targetProxy = 3BA2F1681AE68D6D00B9EEC9 /* PBXContainerItemProxy */;
		};
/* End PBXTargetDependency section */

/* Begin PBXVariantGroup section */
		3BA2F15B1AE68D6D00B9EEC9 /* Main.storyboard */ = {
			isa = PBXVariantGroup;
			children = (
				3BA2F15C1AE68D6D00B9EEC9 /* Base */,
			);
			name = Main.storyboard;
			sourceTree = "<group>";
		};
		3BA2F1601AE68D6D00B9EEC9 /* LaunchScreen.xib */ = {
			isa = PBXVariantGroup;
			children = (
				3BA2F1611AE68D6D00B9EEC9 /* Base */,
			);
			name = LaunchScreen.xib;
			sourceTree = "<group>";
		};
/* End PBXVariantGroup section */

/* Begin XCBuildConfiguration section */
		3BA2F16F1AE68D6D00B9EEC9 /* Debug */ = {
			isa = XCBuildConfiguration;
			buildSettings = {
				ALWAYS_SEARCH_USER_PATHS = NO;
				CLANG_CXX_LANGUAGE_STANDARD = "gnu++0x";
				CLANG_CXX_LIBRARY = "libc++";
				CLANG_ENABLE_MODULES = YES;
				CLANG_ENABLE_OBJC_ARC = YES;
				CLANG_WARN_BOOL_CONVERSION = YES;
				CLANG_WARN_CONSTANT_CONVERSION = YES;
				CLANG_WARN_DIRECT_OBJC_ISA_USAGE = YES_ERROR;
				CLANG_WARN_EMPTY_BODY = YES;
				CLANG_WARN_ENUM_CONVERSION = YES;
				CLANG_WARN_INT_CONVERSION = YES;
				CLANG_WARN_OBJC_ROOT_CLASS = YES_ERROR;
				CLANG_WARN_UNREACHABLE_CODE = YES;
				CLANG_WARN__DUPLICATE_METHOD_MATCH = YES;
				"CODE_SIGN_IDENTITY[sdk=iphoneos*]" = "iPhone Developer";
				COPY_PHASE_STRIP = NO;
				DEBUG_INFORMATION_FORMAT = "dwarf-with-dsym";
				ENABLE_STRICT_OBJC_MSGSEND = YES;
				GCC_C_LANGUAGE_STANDARD = gnu99;
				GCC_DYNAMIC_NO_PIC = NO;
				GCC_NO_COMMON_BLOCKS = YES;
				GCC_OPTIMIZATION_LEVEL = 0;
				GCC_PREPROCESSOR_DEFINITIONS = (
					"DEBUG=1",
					"$(inherited)",
				);
				GCC_SYMBOLS_PRIVATE_EXTERN = NO;
				GCC_WARN_64_TO_32_BIT_CONVERSION = YES;
				GCC_WARN_ABOUT_RETURN_TYPE = YES_ERROR;
				GCC_WARN_UNDECLARED_SELECTOR = YES;
				GCC_WARN_UNINITIALIZED_AUTOS = YES_AGGRESSIVE;
				GCC_WARN_UNUSED_FUNCTION = YES;
				GCC_WARN_UNUSED_VARIABLE = YES;
				IPHONEOS_DEPLOYMENT_TARGET = 8.3;
				MTL_ENABLE_DEBUG_INFO = YES;
				ONLY_ACTIVE_ARCH = YES;
				SDKROOT = iphoneos;
				TARGETED_DEVICE_FAMILY = "1,2";
			};
			name = Debug;
		};
		3BA2F1701AE68D6D00B9EEC9 /* Release */ = {
			isa = XCBuildConfiguration;
			buildSettings = {
				ALWAYS_SEARCH_USER_PATHS = NO;
				CLANG_CXX_LANGUAGE_STANDARD = "gnu++0x";
				CLANG_CXX_LIBRARY = "libc++";
				CLANG_ENABLE_MODULES = YES;
				CLANG_ENABLE_OBJC_ARC = YES;
				CLANG_WARN_BOOL_CONVERSION = YES;
				CLANG_WARN_CONSTANT_CONVERSION = YES;
				CLANG_WARN_DIRECT_OBJC_ISA_USAGE = YES_ERROR;
				CLANG_WARN_EMPTY_BODY = YES;
				CLANG_WARN_ENUM_CONVERSION = YES;
				CLANG_WARN_INT_CONVERSION = YES;
				CLANG_WARN_OBJC_ROOT_CLASS = YES_ERROR;
				CLANG_WARN_UNREACHABLE_CODE = YES;
				CLANG_WARN__DUPLICATE_METHOD_MATCH = YES;
				"CODE_SIGN_IDENTITY[sdk=iphoneos*]" = "iPhone Developer";
				COPY_PHASE_STRIP = NO;
				DEBUG_INFORMATION_FORMAT = "dwarf-with-dsym";
				ENABLE_NS_ASSERTIONS = NO;
				ENABLE_STRICT_OBJC_MSGSEND = YES;
				GCC_C_LANGUAGE_STANDARD = gnu99;
				GCC_NO_COMMON_BLOCKS = YES;
				GCC_WARN_64_TO_32_BIT_CONVERSION = YES;
				GCC_WARN_ABOUT_RETURN_TYPE = YES_ERROR;
				GCC_WARN_UNDECLARED_SELECTOR = YES;
				GCC_WARN_UNINITIALIZED_AUTOS = YES_AGGRESSIVE;
				GCC_WARN_UNUSED_FUNCTION = YES;
				GCC_WARN_UNUSED_VARIABLE = YES;
				IPHONEOS_DEPLOYMENT_TARGET = 8.3;
				MTL_ENABLE_DEBUG_INFO = NO;
				SDKROOT = iphoneos;
				TARGETED_DEVICE_FAMILY = "1,2";
				VALIDATE_PRODUCT = YES;
			};
			name = Release;
		};
		3BA2F1721AE68D6D00B9EEC9 /* Debug */ = {
			isa = XCBuildConfiguration;
			buildSettings = {
				ASSETCATALOG_COMPILER_APPICON_NAME = AppIcon;
				INFOPLIST_FILE = "RGB Led Control/Info.plist";
				LD_RUNPATH_SEARCH_PATHS = "$(inherited) @executable_path/Frameworks";
				PRODUCT_NAME = "$(TARGET_NAME)";
			};
			name = Debug;
		};
		3BA2F1731AE68D6D00B9EEC9 /* Release */ = {
			isa = XCBuildConfiguration;
			buildSettings = {
				ASSETCATALOG_COMPILER_APPICON_NAME = AppIcon;
				INFOPLIST_FILE = "RGB Led Control/Info.plist";
				LD_RUNPATH_SEARCH_PATHS = "$(inherited) @executable_path/Frameworks";
				PRODUCT_NAME = "$(TARGET_NAME)";
			};
			name = Release;
		};
		3BA2F1751AE68D6D00B9EEC9 /* Debug */ = {
			isa = XCBuildConfiguration;
			buildSettings = {
				BUNDLE_LOADER = "$(TEST_HOST)";
				FRAMEWORK_SEARCH_PATHS = (
					"$(SDKROOT)/Developer/Library/Frameworks",
					"$(inherited)",
				);
				GCC_PREPROCESSOR_DEFINITIONS = (
					"DEBUG=1",
					"$(inherited)",
				);
				INFOPLIST_FILE = "RGB Led ControlTests/Info.plist";
				LD_RUNPATH_SEARCH_PATHS = "$(inherited) @executable_path/Frameworks @loader_path/Frameworks";
				PRODUCT_NAME = "$(TARGET_NAME)";
				TEST_HOST = "$(BUILT_PRODUCTS_DIR)/RGB Led Control.app/RGB Led Control";
			};
			name = Debug;
		};
		3BA2F1761AE68D6D00B9EEC9 /* Release */ = {
			isa = XCBuildConfiguration;
			buildSettings = {
				BUNDLE_LOADER = "$(TEST_HOST)";
				FRAMEWORK_SEARCH_PATHS = (
					"$(SDKROOT)/Developer/Library/Frameworks",
					"$(inherited)",
				);
				INFOPLIST_FILE = "RGB Led ControlTests/Info.plist";
				LD_RUNPATH_SEARCH_PATHS = "$(inherited) @executable_path/Frameworks @loader_path/Frameworks";
				PRODUCT_NAME = "$(TARGET_NAME)";
				TEST_HOST = "$(BUILT_PRODUCTS_DIR)/RGB Led Control.app/RGB Led Control";
			};
			name = Release;
		};
/* End XCBuildConfiguration section */

/* Begin XCConfigurationList section */
		3BA2F1491AE68D6C00B9EEC9 /* Build configuration list for PBXProject "RGB Led Control" */ = {
			isa = XCConfigurationList;
			buildConfigurations = (
				3BA2F16F1AE68D6D00B9EEC9 /* Debug */,
				3BA2F1701AE68D6D00B9EEC9 /* Release */,
			);
			defaultConfigurationIsVisible = 0;
			defaultConfigurationName = Release;
		};
		3BA2F1711AE68D6D00B9EEC9 /* Build configuration list for PBXNativeTarget "RGB Led Control" */ = {
			isa = XCConfigurationList;
			buildConfigurations = (
				3BA2F1721AE68D6D00B9EEC9 /* Debug */,
				3BA2F1731AE68D6D00B9EEC9 /* Release */,
			);
			defaultConfigurationIsVisible = 0;
		};
		3BA2F1741AE68D6D00B9EEC9 /* Build configuration list for PBXNativeTarget "RGB Led ControlTests" */ = {
			isa = XCConfigurationList;
			buildConfigurations = (
				3BA2F1751AE68D6D00B9EEC9 /* Debug */,
				3BA2F1761AE68D6D00B9EEC9 /* Release */,
			);
			defaultConfigurationIsVisible = 0;
		};
/* End XCConfigurationList section */
	};
	rootObject = 3BA2F1461AE68D6C00B9EEC9 /* Project object */;
}
